
Microsoft Visual Studio Solution File, Format Version 12.00
# Visual Studio Version 17
VisualStudioVersion = 17.0.31903.59
MinimumVisualStudioVersion = 10.0.40219.1
Project("{FAE04EC0-301F-11D3-BF4B-00C04F79EFBC}") = "LearnNet6", "LearnNet6.csproj", "{A0891AA2-6D9D-4B45-A127-D5EFCAF35857}"
EndProject
Global
	GlobalSection(SolutionConfigurationPlatforms) = preSolution
		Debug|Any CPU = Debug|Any CPU
		Release|Any CPU = Release|Any CPU
	EndGlobalSection
	GlobalSection(ProjectConfigurationPlatforms) = postSolution
		{A0891AA2-6D9D-4B45-A127-D5EFCAF35857}.Debug|Any CPU.ActiveCfg = Debug|Any CPU
		{A0891AA2-6D9D-4B45-A127-D5EFCAF35857}.Debug|Any CPU.Build.0 = Debug|Any CPU
		{A0891AA2-6D9D-4B45-A127-D5EFCAF35857}.Release|Any CPU.ActiveCfg = Release|Any CPU
		{A0891AA2-6D9D-4B45-A127-D5EFCAF35857}.Release|Any CPU.Build.0 = Release|Any CPU
	EndGlobalSection
	GlobalSection(SolutionProperties) = preSolution
		HideSolutionNode = FALSE
	EndGlobalSection
	GlobalSection(ExtensibilityGlobals) = postSolution
		SolutionGuid = {D9E465D9-1E07-4768-BFA6-E3B72E3E8151}
	EndGlobalSection
EndGlobal
